// !$*UTF8*$!
{
	archiveVersion = 1;
	classes = {
	};
	objectVersion = 46;
	objects = {

/* Begin PBXBuildFile section */
		7BD445261BA034FD0076D179 /* main.m in Sources */ = {isa = PBXBuildFile; fileRef = 7BD445251BA034FD0076D179 /* main.m */; };
		7BD445291BA034FD0076D179 /* AppDelegate.m in Sources */ = {isa = PBXBuildFile; fileRef = 7BD445281BA034FD0076D179 /* AppDelegate.m */; };
		7BD4452C1BA034FD0076D179 /* ViewController.m in Sources */ = {isa = PBXBuildFile; fileRef = 7BD4452B1BA034FD0076D179 /* ViewController.m */; };
		7BD4452F1BA034FD0076D179 /* Main.storyboard in Resources */ = {isa = PBXBuildFile; fileRef = 7BD4452D1BA034FD0076D179 /* Main.storyboard */; };
		7BD445311BA034FD0076D179 /* Images.xcassets in Resources */ = {isa = PBXBuildFile; fileRef = 7BD445301BA034FD0076D179 /* Images.xcassets */; };
		7BD445341BA034FD0076D179 /* LaunchScreen.xib in Resources */ = {isa = PBXBuildFile; fileRef = 7BD445321BA034FD0076D179 /* LaunchScreen.xib */; };
		7BD445401BA034FD0076D179 /* BirdMichaelTests.m in Sources */ = {isa = PBXBuildFile; fileRef = 7BD4453F1BA034FD0076D179 /* BirdMichaelTests.m */; };
/* End PBXBuildFile section */

/* Begin PBXContainerItemProxy section */
		7BD4453A1BA034FD0076D179 /* PBXContainerItemProxy */ = {
			isa = PBXContainerItemProxy;
			containerPortal = 7BD445181BA034FD0076D179 /* Project object */;
			proxyType = 1;
			remoteGlobalIDString = 7BD4451F1BA034FD0076D179;
			remoteInfo = BirdMichael;
		};
/* End PBXContainerItemProxy section */

/* Begin PBXFileReference section */
		7BD445201BA034FD0076D179 /* BirdMichael.app */ = {isa = PBXFileReference; explicitFileType = wrapper.application; includeInIndex = 0; path = BirdMichael.app; sourceTree = BUILT_PRODUCTS_DIR; };
		7BD445241BA034FD0076D179 /* Info.plist */ = {isa = PBXFileReference; lastKnownFileType = text.plist.xml; path = Info.plist; sourceTree = "<group>"; };
		7BD445251BA034FD0076D179 /* main.m */ = {isa = PBXFileReference; lastKnownFileType = sourcecode.c.objc; path = main.m; sourceTree = "<group>"; };
		7BD445271BA034FD0076D179 /* AppDelegate.h */ = {isa = PBXFileReference; lastKnownFileType = sourcecode.c.h; path = AppDelegate.h; sourceTree = "<group>"; };
		7BD445281BA034FD0076D179 /* AppDelegate.m */ = {isa = PBXFileReference; lastKnownFileType = sourcecode.c.objc; path = AppDelegate.m; sourceTree = "<group>"; };
		7BD4452A1BA034FD0076D179 /* ViewController.h */ = {isa = PBXFileReference; lastKnownFileType = sourcecode.c.h; path = ViewController.h; sourceTree = "<group>"; };
		7BD4452B1BA034FD0076D179 /* ViewController.m */ = {isa = PBXFileReference; lastKnownFileType = sourcecode.c.objc; path = ViewController.m; sourceTree = "<group>"; };
		7BD4452E1BA034FD0076D179 /* Base */ = {isa = PBXFileReference; lastKnownFileType = file.storyboard; name = Base; path = Base.lproj/Main.storyboard; sourceTree = "<group>"; };
		7BD445301BA034FD0076D179 /* Images.xcassets */ = {isa = PBXFileReference; lastKnownFileType = folder.assetcatalog; path = Images.xcassets; sourceTree = "<group>"; };
		7BD445331BA034FD0076D179 /* Base */ = {isa = PBXFileReference; lastKnownFileType = file.xib; name = Base; path = Base.lproj/LaunchScreen.xib; sourceTree = "<group>"; };
		7BD445391BA034FD0076D179 /* BirdMichaelTests.xctest */ = {isa = PBXFileReference; explicitFileType = wrapper.cfbundle; includeInIndex = 0; path = BirdMichaelTests.xctest; sourceTree = BUILT_PRODUCTS_DIR; };
		7BD4453E1BA034FD0076D179 /* Info.plist */ = {isa = PBXFileReference; lastKnownFileType = text.plist.xml; path = Info.plist; sourceTree = "<group>"; };
		7BD4453F1BA034FD0076D179 /* BirdMichaelTests.m */ = {isa = PBXFileReference; lastKnownFileType = sourcecode.c.objc; path = BirdMichaelTests.m; sourceTree = "<group>"; };
/* End PBXFileReference section */

/* Begin PBXFrameworksBuildPhase section */
		7BD4451D1BA034FD0076D179 /* Frameworks */ = {
			isa = PBXFrameworksBuildPhase;
			buildActionMask = 2147483647;
			files = (
			);
			runOnlyForDeploymentPostprocessing = 0;
		};
		7BD445361BA034FD0076D179 /* Frameworks */ = {
			isa = PBXFrameworksBuildPhase;
			buildActionMask = 2147483647;
			files = (
			);
			runOnlyForDeploymentPostprocessing = 0;
		};
/* End PBXFrameworksBuildPhase section */

/* Begin PBXGroup section */
		7BD445171BA034FD0076D179 = {
			isa = PBXGroup;
			children = (
				7BD445221BA034FD0076D179 /* BirdMichael */,
				7BD4453C1BA034FD0076D179 /* BirdMichaelTests */,
				7BD445211BA034FD0076D179 /* Products */,
			);
			sourceTree = "<group>";
		};
		7BD445211BA034FD0076D179 /* Products */ = {
			isa = PBXGroup;
			children = (
				7BD445201BA034FD0076D179 /* BirdMichael.app */,
				7BD445391BA034FD0076D179 /* BirdMichaelTests.xctest */,
			);
			name = Products;
			sourceTree = "<group>";
		};
		7BD445221BA034FD0076D179 /* BirdMichael */ = {
			isa = PBXGroup;
			children = (
				7BD445271BA034FD0076D179 /* AppDelegate.h */,
				7BD445281BA034FD0076D179 /* AppDelegate.m */,
				7BD4452A1BA034FD0076D179 /* ViewController.h */,
				7BD4452B1BA034FD0076D179 /* ViewController.m */,
				7BD4452D1BA034FD0076D179 /* Main.storyboard */,
				7BD445301BA034FD0076D179 /* Images.xcassets */,
				7BD445321BA034FD0076D179 /* LaunchScreen.xib */,
				7BD445231BA034FD0076D179 /* Supporting Files */,
			);
			path = BirdMichael;
			sourceTree = "<group>";
		};
		7BD445231BA034FD0076D179 /* Supporting Files */ = {
			isa = PBXGroup;
			children = (
				7BD445241BA034FD0076D179 /* Info.plist */,
				7BD445251BA034FD0076D179 /* main.m */,
			);
			name = "Supporting Files";
			sourceTree = "<group>";
		};
		7BD4453C1BA034FD0076D179 /* BirdMichaelTests */ = {
			isa = PBXGroup;
			children = (
				7BD4453F1BA034FD0076D179 /* BirdMichaelTests.m */,
				7BD4453D1BA034FD0076D179 /* Supporting Files */,
			);
			path = BirdMichaelTests;
			sourceTree = "<group>";
		};
		7BD4453D1BA034FD0076D179 /* Supporting Files */ = {
			isa = PBXGroup;
			children = (
				7BD4453E1BA034FD0076D179 /* Info.plist */,
			);
			name = "Supporting Files";
			sourceTree = "<group>";
		};
/* End PBXGroup section */

/* Begin PBXNativeTarget section */
		7BD4451F1BA034FD0076D179 /* BirdMichael */ = {
			isa = PBXNativeTarget;
			buildConfigurationList = 7BD445431BA034FD0076D179 /* Build configuration list for PBXNativeTarget "BirdMichael" */;
			buildPhases = (
				7BD4451C1BA034FD0076D179 /* Sources */,
				7BD4451D1BA034FD0076D179 /* Frameworks */,
				7BD4451E1BA034FD0076D179 /* Resources */,
			);
			buildRules = (
			);
			dependencies = (
			);
			name = BirdMichael;
			productName = BirdMichael;
			productReference = 7BD445201BA034FD0076D179 /* BirdMichael.app */;
			productType = "com.apple.product-type.application";
		};
		7BD445381BA034FD0076D179 /* BirdMichaelTests */ = {
			isa = PBXNativeTarget;
			buildConfigurationList = 7BD445461BA034FD0076D179 /* Build configuration list for PBXNativeTarget "BirdMichaelTests" */;
			buildPhases = (
				7BD445351BA034FD0076D179 /* Sources */,
				7BD445361BA034FD0076D179 /* Frameworks */,
				7BD445371BA034FD0076D179 /* Resources */,
			);
			buildRules = (
			);
			dependencies = (
				7BD4453B1BA034FD0076D179 /* PBXTargetDependency */,
			);
			name = BirdMichaelTests;
			productName = BirdMichaelTests;
			productReference = 7BD445391BA034FD0076D179 /* BirdMichaelTests.xctest */;
			productType = "com.apple.product-type.bundle.unit-test";
		};
/* End PBXNativeTarget section */

/* Begin PBXProject section */
		7BD445181BA034FD0076D179 /* Project object */ = {
			isa = PBXProject;
			attributes = {
				LastUpgradeCheck = 0640;
				ORGANIZATIONNAME = BirdMIchael;
				TargetAttributes = {
					7BD4451F1BA034FD0076D179 = {
						CreatedOnToolsVersion = 6.4;
					};
					7BD445381BA034FD0076D179 = {
						CreatedOnToolsVersion = 6.4;
						TestTargetID = 7BD4451F1BA034FD0076D179;
					};
				};
			};
			buildConfigurationList = 7BD4451B1BA034FD0076D179 /* Build configuration list for PBXProject "BirdMichael" */;
			compatibilityVersion = "Xcode 3.2";
			developmentRegion = English;
			hasScannedForEncodings = 0;
			knownRegions = (
				en,
				Base,
			);
			mainGroup = 7BD445171BA034FD0076D179;
			productRefGroup = 7BD445211BA034FD0076D179 /* Products */;
			projectDirPath = "";
			projectRoot = "";
			targets = (
				7BD4451F1BA034FD0076D179 /* BirdMichael */,
				7BD445381BA034FD0076D179 /* BirdMichaelTests */,
			);
		};
/* End PBXProject section */

/* Begin PBXResourcesBuildPhase section */
		7BD4451E1BA034FD0076D179 /* Resources */ = {
			isa = PBXResourcesBuildPhase;
			buildActionMask = 2147483647;
			files = (
				7BD4452F1BA034FD0076D179 /* Main.storyboard in Resources */,
				7BD445341BA034FD0076D179 /* LaunchScreen.xib in Resources */,
				7BD445311BA034FD0076D179 /* Images.xcassets in Resources */,
			);
			runOnlyForDeploymentPostprocessing = 0;
		};
		7BD445371BA034FD0076D179 /* Resources */ = {
			isa = PBXResourcesBuildPhase;
			buildActionMask = 2147483647;
			files = (
			);
			runOnlyForDeploymentPostprocessing = 0;
		};
/* End PBXResourcesBuildPhase section */

/* Begin PBXSourcesBuildPhase section */
		7BD4451C1BA034FD0076D179 /* Sources */ = {
			isa = PBXSourcesBuildPhase;
			buildActionMask = 2147483647;
			files = (
				7BD4452C1BA034FD0076D179 /* ViewController.m in Sources */,
				7BD445291BA034FD0076D179 /* AppDelegate.m in Sources */,
				7BD445261BA034FD0076D179 /* main.m in Sources */,
			);
			runOnlyForDeploymentPostprocessing = 0;
		};
		7BD445351BA034FD0076D179 /* Sources */ = {
			isa = PBXSourcesBuildPhase;
			buildActionMask = 2147483647;
			files = (
				7BD445401BA034FD0076D179 /* BirdMichaelTests.m in Sources */,
			);
			runOnlyForDeploymentPostprocessing = 0;
		};
/* End PBXSourcesBuildPhase section */

/* Begin PBXTargetDependency section */
		7BD4453B1BA034FD0076D179 /* PBXTargetDependency */ = {
			isa = PBXTargetDependency;
			target = 7BD4451F1BA034FD0076D179 /* BirdMichael */;
			targetProxy = 7BD4453A1BA034FD0076D179 /* PBXContainerItemProxy */;
		};
/* End PBXTargetDependency section */

/* Begin PBXVariantGroup section */
		7BD4452D1BA034FD0076D179 /* Main.storyboard */ = {
			isa = PBXVariantGroup;
			children = (
				7BD4452E1BA034FD0076D179 /* Base */,
			);
			name = Main.storyboard;
			sourceTree = "<group>";
		};
		7BD445321BA034FD0076D179 /* LaunchScreen.xib */ = {
			isa = PBXVariantGroup;
			children = (
				7BD445331BA034FD0076D179 /* Base */,
			);
			name = LaunchScreen.xib;
			sourceTree = "<group>";
		};
/* End PBXVariantGroup section */

/* Begin XCBuildConfiguration section */
		7BD445411BA034FD0076D179 /* Debug */ = {
			isa = XCBuildConfiguration;
			buildSettings = {
				ALWAYS_SEARCH_USER_PATHS = NO;
				CLANG_CXX_LANGUAGE_STANDARD = "gnu++0x";
				CLANG_CXX_LIBRARY = "libc++";
				CLANG_ENABLE_MODULES = YES;
				CLANG_ENABLE_OBJC_ARC = YES;
				CLANG_WARN_BOOL_CONVERSION = YES;
				CLANG_WARN_CONSTANT_CONVERSION = YES;
				CLANG_WARN_DIRECT_OBJC_ISA_USAGE = YES_ERROR;
				CLANG_WARN_EMPTY_BODY = YES;
				CLANG_WARN_ENUM_CONVERSION = YES;
				CLANG_WARN_INT_CONVERSION = YES;
				CLANG_WARN_OBJC_ROOT_CLASS = YES_ERROR;
				CLANG_WARN_UNREACHABLE_CODE = YES;
				CLANG_WARN__DUPLICATE_METHOD_MATCH = YES;
				"CODE_SIGN_IDENTITY[sdk=iphoneos*]" = "iPhone Developer";
				COPY_PHASE_STRIP = NO;
				DEBUG_INFORMATION_FORMAT = "dwarf-with-dsym";
				ENABLE_STRICT_OBJC_MSGSEND = YES;
				GCC_C_LANGUAGE_STANDARD = gnu99;
				GCC_DYNAMIC_NO_PIC = NO;
				GCC_NO_COMMON_BLOCKS = YES;
				GCC_OPTIMIZATION_LEVEL = 0;
				GCC_PREPROCESSOR_DEFINITIONS = (
					"DEBUG=1",
					"$(inherited)",
				);
				GCC_SYMBOLS_PRIVATE_EXTERN = NO;
				GCC_WARN_64_TO_32_BIT_CONVERSION = YES;
				GCC_WARN_ABOUT_RETURN_TYPE = YES_ERROR;
				GCC_WARN_UNDECLARED_SELECTOR = YES;
				GCC_WARN_UNINITIALIZED_AUTOS = YES_AGGRESSIVE;
				GCC_WARN_UNUSED_FUNCTION = YES;
				GCC_WARN_UNUSED_VARIABLE = YES;
				IPHONEOS_DEPLOYMENT_TARGET = 8.4;
				MTL_ENABLE_DEBUG_INFO = YES;
				ONLY_ACTIVE_ARCH = YES;
				SDKROOT = iphoneos;
			};
			name = Debug;
		};
		7BD445421BA034FD0076D179 /* Release */ = {
			isa = XCBuildConfiguration;
			buildSettings = {
				ALWAYS_SEARCH_USER_PATHS = NO;
				CLANG_CXX_LANGUAGE_STANDARD = "gnu++0x";
				CLANG_CXX_LIBRARY = "libc++";
				CLANG_ENABLE_MODULES = YES;
				CLANG_ENABLE_OBJC_ARC = YES;
				CLANG_WARN_BOOL_CONVERSION = YES;
				CLANG_WARN_CONSTANT_CONVERSION = YES;
				CLANG_WARN_DIRECT_OBJC_ISA_USAGE = YES_ERROR;
				CLANG_WARN_EMPTY_BODY = YES;
				CLANG_WARN_ENUM_CONVERSION = YES;
				CLANG_WARN_INT_CONVERSION = YES;
				CLANG_WARN_OBJC_ROOT_CLASS = YES_ERROR;
				CLANG_WARN_UNREACHABLE_CODE = YES;
				CLANG_WARN__DUPLICATE_METHOD_MATCH = YES;
				"CODE_SIGN_IDENTITY[sdk=iphoneos*]" = "iPhone Developer";
				COPY_PHASE_STRIP = NO;
				DEBUG_INFORMATION_FORMAT = "dwarf-with-dsym";
				ENABLE_NS_ASSERTIONS = NO;
				ENABLE_STRICT_OBJC_MSGSEND = YES;
				GCC_C_LANGUAGE_STANDARD = gnu99;
				GCC_NO_COMMON_BLOCKS = YES;
				GCC_WARN_64_TO_32_BIT_CONVERSION = YES;
				GCC_WARN_ABOUT_RETURN_TYPE = YES_ERROR;
				GCC_WARN_UNDECLARED_SELECTOR = YES;
				GCC_WARN_UNINITIALIZED_AUTOS = YES_AGGRESSIVE;
				GCC_WARN_UNUSED_FUNCTION = YES;
				GCC_WARN_UNUSED_VARIABLE = YES;
				IPHONEOS_DEPLOYMENT_TARGET = 8.4;
				MTL_ENABLE_DEBUG_INFO = NO;
				SDKROOT = iphoneos;
				VALIDATE_PRODUCT = YES;
			};
			name = Release;
		};
		7BD445441BA034FD0076D179 /* Debug */ = {
			isa = XCBuildConfiguration;
			buildSettings = {
				ASSETCATALOG_COMPILER_APPICON_NAME = AppIcon;
				INFOPLIST_FILE = BirdMichael/Info.plist;
				LD_RUNPATH_SEARCH_PATHS = "$(inherited) @executable_path/Frameworks";
				PRODUCT_NAME = "$(TARGET_NAME)";
			};
			name = Debug;
		};
		7BD445451BA034FD0076D179 /* Release */ = {
			isa = XCBuildConfiguration;
			buildSettings = {
				ASSETCATALOG_COMPILER_APPICON_NAME = AppIcon;
				INFOPLIST_FILE = BirdMichael/Info.plist;
				LD_RUNPATH_SEARCH_PATHS = "$(inherited) @executable_path/Frameworks";
				PRODUCT_NAME = "$(TARGET_NAME)";
			};
			name = Release;
		};
		7BD445471BA034FD0076D179 /* Debug */ = {
			isa = XCBuildConfiguration;
			buildSettings = {
				BUNDLE_LOADER = "$(TEST_HOST)";
				FRAMEWORK_SEARCH_PATHS = (
					"$(SDKROOT)/Developer/Library/Frameworks",
					"$(inherited)",
				);
				GCC_PREPROCESSOR_DEFINITIONS = (
					"DEBUG=1",
					"$(inherited)",
				);
				INFOPLIST_FILE = BirdMichaelTests/Info.plist;
				LD_RUNPATH_SEARCH_PATHS = "$(inherited) @executable_path/Frameworks @loader_path/Frameworks";
				PRODUCT_NAME = "$(TARGET_NAME)";
				TEST_HOST = "$(BUILT_PRODUCTS_DIR)/BirdMichael.app/BirdMichael";
			};
			name = Debug;
		};
		7BD445481BA034FD0076D179 /* Release */ = {
			isa = XCBuildConfiguration;
			buildSettings = {
				BUNDLE_LOADER = "$(TEST_HOST)";
				FRAMEWORK_SEARCH_PATHS = (
					"$(SDKROOT)/Developer/Library/Frameworks",
					"$(inherited)",
				);
				INFOPLIST_FILE = BirdMichaelTests/Info.plist;
				LD_RUNPATH_SEARCH_PATHS = "$(inherited) @executable_path/Frameworks @loader_path/Frameworks";
				PRODUCT_NAME = "$(TARGET_NAME)";
				TEST_HOST = "$(BUILT_PRODUCTS_DIR)/BirdMichael.app/BirdMichael";
			};
			name = Release;
		};
/* End XCBuildConfiguration section */

/* Begin XCConfigurationList section */
		7BD4451B1BA034FD0076D179 /* Build configuration list for PBXProject "BirdMichael" */ = {
			isa = XCConfigurationList;
			buildConfigurations = (
				7BD445411BA034FD0076D179 /* Debug */,
				7BD445421BA034FD0076D179 /* Release */,
			);
			defaultConfigurationIsVisible = 0;
			defaultConfigurationName = Release;
		};
		7BD445431BA034FD0076D179 /* Build configuration list for PBXNativeTarget "BirdMichael" */ = {
			isa = XCConfigurationList;
			buildConfigurations = (
				7BD445441BA034FD0076D179 /* Debug */,
				7BD445451BA034FD0076D179 /* Release */,
			);
			defaultConfigurationIsVisible = 0;
		};
		7BD445461BA034FD0076D179 /* Build configuration list for PBXNativeTarget "BirdMichaelTests" */ = {
			isa = XCConfigurationList;
			buildConfigurations = (
				7BD445471BA034FD0076D179 /* Debug */,
				7BD445481BA034FD0076D179 /* Release */,
			);
			defaultConfigurationIsVisible = 0;
		};
/* End XCConfigurationList section */
	};
	rootObject = 7BD445181BA034FD0076D179 /* Project object */;
}
